
Microsoft Visual Studio Solution File, Format Version 12.00
# Visual Studio Version 16
VisualStudioVersion = 16.0.34114.132
MinimumVisualStudioVersion = 10.0.40219.1
Project("{FAE04EC0-301F-11D3-BF4B-00C04F79EFBC}") = "Employee", "Employee\Employee.csproj", "{79432574-9A35-4D0F-BFF5-10D319CB008B}"
EndProject
Project("{FAE04EC0-301F-11D3-BF4B-00C04F79EFBC}") = "Employee.Tests", "Employee.Tests\Employee.Tests.csproj", "{32BCDCAF-8E21-425B-8132-8CD5E5296493}"
EndProject
Project("{FAE04EC0-301F-11D3-BF4B-00C04F79EFBC}") = "EmployeeDB", "EmployeeDB\EmployeeDB.csproj", "{47A23184-9BDA-4B01-9469-23C9EC910562}"
EndProject
Global
	GlobalSection(SolutionConfigurationPlatforms) = preSolution
		Debug|Any CPU = Debug|Any CPU
		Release|Any CPU = Release|Any CPU
	EndGlobalSection
	GlobalSection(ProjectConfigurationPlatforms) = postSolution
		{79432574-9A35-4D0F-BFF5-10D319CB008B}.Debug|Any CPU.ActiveCfg = Debug|Any CPU
		{79432574-9A35-4D0F-BFF5-10D319CB008B}.Debug|Any CPU.Build.0 = Debug|Any CPU
		{79432574-9A35-4D0F-BFF5-10D319CB008B}.Release|Any CPU.ActiveCfg = Release|Any CPU
		{79432574-9A35-4D0F-BFF5-10D319CB008B}.Release|Any CPU.Build.0 = Release|Any CPU
		{32BCDCAF-8E21-425B-8132-8CD5E5296493}.Debug|Any CPU.ActiveCfg = Debug|Any CPU
		{32BCDCAF-8E21-425B-8132-8CD5E5296493}.Debug|Any CPU.Build.0 = Debug|Any CPU
		{32BCDCAF-8E21-425B-8132-8CD5E5296493}.Release|Any CPU.ActiveCfg = Release|Any CPU
		{32BCDCAF-8E21-425B-8132-8CD5E5296493}.Release|Any CPU.Build.0 = Release|Any CPU
		{47A23184-9BDA-4B01-9469-23C9EC910562}.Debug|Any CPU.ActiveCfg = Debug|Any CPU
		{47A23184-9BDA-4B01-9469-23C9EC910562}.Debug|Any CPU.Build.0 = Debug|Any CPU
		{47A23184-9BDA-4B01-9469-23C9EC910562}.Release|Any CPU.ActiveCfg = Release|Any CPU
		{47A23184-9BDA-4B01-9469-23C9EC910562}.Release|Any CPU.Build.0 = Release|Any CPU
	EndGlobalSection
	GlobalSection(SolutionProperties) = preSolution
		HideSolutionNode = FALSE
	EndGlobalSection
	GlobalSection(ExtensibilityGlobals) = postSolution
		SolutionGuid = {2E414138-CD40-482C-80E9-3DFB20027711}
	EndGlobalSection
EndGlobal
